// !$*UTF8*$!
{
	archiveVersion = 1;
	classes = {
	};
	objectVersion = 46;
	objects = {

/* Begin PBXBuildFile section */
		E42F51B119F3A688008AEE27 /* input.txt in Resources */ = {isa = PBXBuildFile; fileRef = E42F51B019F3A688008AEE27 /* input.txt */; };
		E4909C5119F1547400CC5987 /* GuideToTheGalaxyTests.m in Sources */ = {isa = PBXBuildFile; fileRef = E4909C5019F1547400CC5987 /* GuideToTheGalaxyTests.m */; };
		E4909C6C19F154FA00CC5987 /* AppDelegate.m in Sources */ = {isa = PBXBuildFile; fileRef = E4909C5C19F154FA00CC5987 /* AppDelegate.m */; };
		E4909C6D19F154FA00CC5987 /* ViewController.m in Sources */ = {isa = PBXBuildFile; fileRef = E4909C5F19F154FA00CC5987 /* ViewController.m */; };
		E4909C6E19F154FA00CC5987 /* LaunchScreen.xib in Resources */ = {isa = PBXBuildFile; fileRef = E4909C6219F154FA00CC5987 /* LaunchScreen.xib */; };
		E4909C6F19F154FA00CC5987 /* Main.storyboard in Resources */ = {isa = PBXBuildFile; fileRef = E4909C6419F154FA00CC5987 /* Main.storyboard */; };
		E4909C7019F154FA00CC5987 /* Images.xcassets in Resources */ = {isa = PBXBuildFile; fileRef = E4909C6619F154FA00CC5987 /* Images.xcassets */; };
		E4909C7219F154FA00CC5987 /* main.m in Sources */ = {isa = PBXBuildFile; fileRef = E4909C6919F154FA00CC5987 /* main.m */; };
		F6514E0519F4A78F003102CC /* GGRomanArabicConversion.m in Sources */ = {isa = PBXBuildFile; fileRef = F6514E0219F4A78F003102CC /* GGRomanArabicConversion.m */; };
		F6514E0619F4A78F003102CC /* GGTranslation.m in Sources */ = {isa = PBXBuildFile; fileRef = F6514E0419F4A78F003102CC /* GGTranslation.m */; };
/* End PBXBuildFile section */

/* Begin PBXContainerItemProxy section */
		E4909C4B19F1547400CC5987 /* PBXContainerItemProxy */ = {
			isa = PBXContainerItemProxy;
			containerPortal = E4909C2919F1547400CC5987 /* Project object */;
			proxyType = 1;
			remoteGlobalIDString = E4909C3019F1547400CC5987;
			remoteInfo = GuideToTheGalaxy;
		};
/* End PBXContainerItemProxy section */

/* Begin PBXFileReference section */
		E42F51B019F3A688008AEE27 /* input.txt */ = {isa = PBXFileReference; fileEncoding = 4; lastKnownFileType = text; path = input.txt; sourceTree = "<group>"; };
		E4909C3119F1547400CC5987 /* GuideToTheGalaxy.app */ = {isa = PBXFileReference; explicitFileType = wrapper.application; includeInIndex = 0; path = GuideToTheGalaxy.app; sourceTree = BUILT_PRODUCTS_DIR; };
		E4909C4A19F1547400CC5987 /* GuideToTheGalaxyTests.xctest */ = {isa = PBXFileReference; explicitFileType = wrapper.cfbundle; includeInIndex = 0; path = GuideToTheGalaxyTests.xctest; sourceTree = BUILT_PRODUCTS_DIR; };
		E4909C4F19F1547400CC5987 /* Info.plist */ = {isa = PBXFileReference; lastKnownFileType = text.plist.xml; path = Info.plist; sourceTree = "<group>"; };
		E4909C5019F1547400CC5987 /* GuideToTheGalaxyTests.m */ = {isa = PBXFileReference; lastKnownFileType = sourcecode.c.objc; path = GuideToTheGalaxyTests.m; sourceTree = "<group>"; };
		E4909C5B19F154FA00CC5987 /* AppDelegate.h */ = {isa = PBXFileReference; fileEncoding = 4; lastKnownFileType = sourcecode.c.h; path = AppDelegate.h; sourceTree = "<group>"; };
		E4909C5C19F154FA00CC5987 /* AppDelegate.m */ = {isa = PBXFileReference; fileEncoding = 4; lastKnownFileType = sourcecode.c.objc; path = AppDelegate.m; sourceTree = "<group>"; };
		E4909C5E19F154FA00CC5987 /* ViewController.h */ = {isa = PBXFileReference; fileEncoding = 4; lastKnownFileType = sourcecode.c.h; path = ViewController.h; sourceTree = "<group>"; };
		E4909C5F19F154FA00CC5987 /* ViewController.m */ = {isa = PBXFileReference; fileEncoding = 4; lastKnownFileType = sourcecode.c.objc; path = ViewController.m; sourceTree = "<group>"; };
		E4909C6319F154FA00CC5987 /* Base */ = {isa = PBXFileReference; lastKnownFileType = file.xib; name = Base; path = Base.lproj/LaunchScreen.xib; sourceTree = "<group>"; };
		E4909C6519F154FA00CC5987 /* Base */ = {isa = PBXFileReference; lastKnownFileType = file.storyboard; name = Base; path = Base.lproj/Main.storyboard; sourceTree = "<group>"; };
		E4909C6619F154FA00CC5987 /* Images.xcassets */ = {isa = PBXFileReference; lastKnownFileType = folder.assetcatalog; path = Images.xcassets; sourceTree = "<group>"; };
		E4909C6819F154FA00CC5987 /* Info.plist */ = {isa = PBXFileReference; fileEncoding = 4; lastKnownFileType = text.plist.xml; path = Info.plist; sourceTree = "<group>"; };
		E4909C6919F154FA00CC5987 /* main.m */ = {isa = PBXFileReference; fileEncoding = 4; lastKnownFileType = sourcecode.c.objc; path = main.m; sourceTree = "<group>"; };
		F6514E0119F4A78F003102CC /* GGRomanArabicConversion.h */ = {isa = PBXFileReference; fileEncoding = 4; lastKnownFileType = sourcecode.c.h; path = GGRomanArabicConversion.h; sourceTree = "<group>"; };
		F6514E0219F4A78F003102CC /* GGRomanArabicConversion.m */ = {isa = PBXFileReference; fileEncoding = 4; lastKnownFileType = sourcecode.c.objc; path = GGRomanArabicConversion.m; sourceTree = "<group>"; };
		F6514E0319F4A78F003102CC /* GGTranslation.h */ = {isa = PBXFileReference; fileEncoding = 4; lastKnownFileType = sourcecode.c.h; path = GGTranslation.h; sourceTree = "<group>"; };
		F6514E0419F4A78F003102CC /* GGTranslation.m */ = {isa = PBXFileReference; fileEncoding = 4; lastKnownFileType = sourcecode.c.objc; path = GGTranslation.m; sourceTree = "<group>"; };
/* End PBXFileReference section */

/* Begin PBXFrameworksBuildPhase section */
		E4909C2E19F1547400CC5987 /* Frameworks */ = {
			isa = PBXFrameworksBuildPhase;
			buildActionMask = 2147483647;
			files = (
			);
			runOnlyForDeploymentPostprocessing = 0;
		};
		E4909C4719F1547400CC5987 /* Frameworks */ = {
			isa = PBXFrameworksBuildPhase;
			buildActionMask = 2147483647;
			files = (
			);
			runOnlyForDeploymentPostprocessing = 0;
		};
/* End PBXFrameworksBuildPhase section */

/* Begin PBXGroup section */
		E4909C2819F1547400CC5987 = {
			isa = PBXGroup;
			children = (
				E4909C5A19F154FA00CC5987 /* GuideToTheGalaxy */,
				E4909C4D19F1547400CC5987 /* GuideToTheGalaxyTests */,
				E4909C3219F1547400CC5987 /* Products */,
			);
			sourceTree = "<group>";
		};
		E4909C3219F1547400CC5987 /* Products */ = {
			isa = PBXGroup;
			children = (
				E4909C3119F1547400CC5987 /* GuideToTheGalaxy.app */,
				E4909C4A19F1547400CC5987 /* GuideToTheGalaxyTests.xctest */,
			);
			name = Products;
			sourceTree = "<group>";
		};
		E4909C4D19F1547400CC5987 /* GuideToTheGalaxyTests */ = {
			isa = PBXGroup;
			children = (
				E4909C5019F1547400CC5987 /* GuideToTheGalaxyTests.m */,
				E4909C4E19F1547400CC5987 /* Supporting Files */,
			);
			path = GuideToTheGalaxyTests;
			sourceTree = "<group>";
		};
		E4909C4E19F1547400CC5987 /* Supporting Files */ = {
			isa = PBXGroup;
			children = (
				E4909C4F19F1547400CC5987 /* Info.plist */,
			);
			name = "Supporting Files";
			sourceTree = "<group>";
		};
		E4909C5A19F154FA00CC5987 /* GuideToTheGalaxy */ = {
			isa = PBXGroup;
			children = (
				E4909C5B19F154FA00CC5987 /* AppDelegate.h */,
				E4909C5C19F154FA00CC5987 /* AppDelegate.m */,
				E4909C5D19F154FA00CC5987 /* Controllers */,
				F6514E0019F4A78F003102CC /* Models */,
				E4909C6119F154FA00CC5987 /* Resources */,
				E4909C6719F154FA00CC5987 /* Supporting Files */,
				E4909C6A19F154FA00CC5987 /* Views */,
				E4909C6B19F154FA00CC5987 /* VOs */,
			);
			path = GuideToTheGalaxy;
			sourceTree = "<group>";
		};
		E4909C5D19F154FA00CC5987 /* Controllers */ = {
			isa = PBXGroup;
			children = (
				E4909C5E19F154FA00CC5987 /* ViewController.h */,
				E4909C5F19F154FA00CC5987 /* ViewController.m */,
			);
			path = Controllers;
			sourceTree = "<group>";
		};
		E4909C6119F154FA00CC5987 /* Resources */ = {
			isa = PBXGroup;
			children = (
				E42F51B019F3A688008AEE27 /* input.txt */,
				E4909C6219F154FA00CC5987 /* LaunchScreen.xib */,
				E4909C6419F154FA00CC5987 /* Main.storyboard */,
				E4909C6619F154FA00CC5987 /* Images.xcassets */,
			);
			path = Resources;
			sourceTree = "<group>";
		};
		E4909C6719F154FA00CC5987 /* Supporting Files */ = {
			isa = PBXGroup;
			children = (
				E4909C6819F154FA00CC5987 /* Info.plist */,
				E4909C6919F154FA00CC5987 /* main.m */,
			);
			path = "Supporting Files";
			sourceTree = "<group>";
		};
		E4909C6A19F154FA00CC5987 /* Views */ = {
			isa = PBXGroup;
			children = (
			);
			path = Views;
			sourceTree = "<group>";
		};
		E4909C6B19F154FA00CC5987 /* VOs */ = {
			isa = PBXGroup;
			children = (
			);
			path = VOs;
			sourceTree = "<group>";
		};
		F6514E0019F4A78F003102CC /* Models */ = {
			isa = PBXGroup;
			children = (
				F6514E0119F4A78F003102CC /* GGRomanArabicConversion.h */,
				F6514E0219F4A78F003102CC /* GGRomanArabicConversion.m */,
				F6514E0319F4A78F003102CC /* GGTranslation.h */,
				F6514E0419F4A78F003102CC /* GGTranslation.m */,
			);
			path = Models;
			sourceTree = "<group>";
		};
/* End PBXGroup section */

/* Begin PBXNativeTarget section */
		E4909C3019F1547400CC5987 /* GuideToTheGalaxy */ = {
			isa = PBXNativeTarget;
			buildConfigurationList = E4909C5419F1547400CC5987 /* Build configuration list for PBXNativeTarget "GuideToTheGalaxy" */;
			buildPhases = (
				E4909C2D19F1547400CC5987 /* Sources */,
				E4909C2E19F1547400CC5987 /* Frameworks */,
				E4909C2F19F1547400CC5987 /* Resources */,
			);
			buildRules = (
			);
			dependencies = (
			);
			name = GuideToTheGalaxy;
			productName = GuideToTheGalaxy;
			productReference = E4909C3119F1547400CC5987 /* GuideToTheGalaxy.app */;
			productType = "com.apple.product-type.application";
		};
		E4909C4919F1547400CC5987 /* GuideToTheGalaxyTests */ = {
			isa = PBXNativeTarget;
			buildConfigurationList = E4909C5719F1547400CC5987 /* Build configuration list for PBXNativeTarget "GuideToTheGalaxyTests" */;
			buildPhases = (
				E4909C4619F1547400CC5987 /* Sources */,
				E4909C4719F1547400CC5987 /* Frameworks */,
				E4909C4819F1547400CC5987 /* Resources */,
			);
			buildRules = (
			);
			dependencies = (
				E4909C4C19F1547400CC5987 /* PBXTargetDependency */,
			);
			name = GuideToTheGalaxyTests;
			productName = GuideToTheGalaxyTests;
			productReference = E4909C4A19F1547400CC5987 /* GuideToTheGalaxyTests.xctest */;
			productType = "com.apple.product-type.bundle.unit-test";
		};
/* End PBXNativeTarget section */

/* Begin PBXProject section */
		E4909C2919F1547400CC5987 /* Project object */ = {
			isa = PBXProject;
			attributes = {
				LastUpgradeCheck = 0600;
				ORGANIZATIONNAME = April;
				TargetAttributes = {
					E4909C3019F1547400CC5987 = {
						CreatedOnToolsVersion = 6.0.1;
					};
					E4909C4919F1547400CC5987 = {
						CreatedOnToolsVersion = 6.0.1;
						TestTargetID = E4909C3019F1547400CC5987;
					};
				};
			};
			buildConfigurationList = E4909C2C19F1547400CC5987 /* Build configuration list for PBXProject "GuideToTheGalaxy" */;
			compatibilityVersion = "Xcode 3.2";
			developmentRegion = English;
			hasScannedForEncodings = 0;
			knownRegions = (
				en,
				Base,
			);
			mainGroup = E4909C2819F1547400CC5987;
			productRefGroup = E4909C3219F1547400CC5987 /* Products */;
			projectDirPath = "";
			projectRoot = "";
			targets = (
				E4909C3019F1547400CC5987 /* GuideToTheGalaxy */,
				E4909C4919F1547400CC5987 /* GuideToTheGalaxyTests */,
			);
		};
/* End PBXProject section */

/* Begin PBXResourcesBuildPhase section */
		E4909C2F19F1547400CC5987 /* Resources */ = {
			isa = PBXResourcesBuildPhase;
			buildActionMask = 2147483647;
			files = (
				E42F51B119F3A688008AEE27 /* input.txt in Resources */,
				E4909C7019F154FA00CC5987 /* Images.xcassets in Resources */,
				E4909C6E19F154FA00CC5987 /* LaunchScreen.xib in Resources */,
				E4909C6F19F154FA00CC5987 /* Main.storyboard in Resources */,
			);
			runOnlyForDeploymentPostprocessing = 0;
		};
		E4909C4819F1547400CC5987 /* Resources */ = {
			isa = PBXResourcesBuildPhase;
			buildActionMask = 2147483647;
			files = (
			);
			runOnlyForDeploymentPostprocessing = 0;
		};
/* End PBXResourcesBuildPhase section */

/* Begin PBXSourcesBuildPhase section */
		E4909C2D19F1547400CC5987 /* Sources */ = {
			isa = PBXSourcesBuildPhase;
			buildActionMask = 2147483647;
			files = (
				F6514E0619F4A78F003102CC /* GGTranslation.m in Sources */,
				E4909C6D19F154FA00CC5987 /* ViewController.m in Sources */,
				E4909C7219F154FA00CC5987 /* main.m in Sources */,
				F6514E0519F4A78F003102CC /* GGRomanArabicConversion.m in Sources */,
				E4909C6C19F154FA00CC5987 /* AppDelegate.m in Sources */,
			);
			runOnlyForDeploymentPostprocessing = 0;
		};
		E4909C4619F1547400CC5987 /* Sources */ = {
			isa = PBXSourcesBuildPhase;
			buildActionMask = 2147483647;
			files = (
				E4909C5119F1547400CC5987 /* GuideToTheGalaxyTests.m in Sources */,
			);
			runOnlyForDeploymentPostprocessing = 0;
		};
/* End PBXSourcesBuildPhase section */

/* Begin PBXTargetDependency section */
		E4909C4C19F1547400CC5987 /* PBXTargetDependency */ = {
			isa = PBXTargetDependency;
			target = E4909C3019F1547400CC5987 /* GuideToTheGalaxy */;
			targetProxy = E4909C4B19F1547400CC5987 /* PBXContainerItemProxy */;
		};
/* End PBXTargetDependency section */

/* Begin PBXVariantGroup section */
		E4909C6219F154FA00CC5987 /* LaunchScreen.xib */ = {
			isa = PBXVariantGroup;
			children = (
				E4909C6319F154FA00CC5987 /* Base */,
			);
			name = LaunchScreen.xib;
			sourceTree = "<group>";
		};
		E4909C6419F154FA00CC5987 /* Main.storyboard */ = {
			isa = PBXVariantGroup;
			children = (
				E4909C6519F154FA00CC5987 /* Base */,
			);
			name = Main.storyboard;
			sourceTree = "<group>";
		};
/* End PBXVariantGroup section */

/* Begin XCBuildConfiguration section */
		E4909C5219F1547400CC5987 /* Debug */ = {
			isa = XCBuildConfiguration;
			buildSettings = {
				ALWAYS_SEARCH_USER_PATHS = NO;
				CLANG_CXX_LANGUAGE_STANDARD = "gnu++0x";
				CLANG_CXX_LIBRARY = "libc++";
				CLANG_ENABLE_MODULES = YES;
				CLANG_ENABLE_OBJC_ARC = YES;
				CLANG_WARN_BOOL_CONVERSION = YES;
				CLANG_WARN_CONSTANT_CONVERSION = YES;
				CLANG_WARN_DIRECT_OBJC_ISA_USAGE = YES_ERROR;
				CLANG_WARN_EMPTY_BODY = YES;
				CLANG_WARN_ENUM_CONVERSION = YES;
				CLANG_WARN_INT_CONVERSION = YES;
				CLANG_WARN_OBJC_ROOT_CLASS = YES_ERROR;
				CLANG_WARN_UNREACHABLE_CODE = YES;
				CLANG_WARN__DUPLICATE_METHOD_MATCH = YES;
				"CODE_SIGN_IDENTITY[sdk=iphoneos*]" = "iPhone Developer";
				COPY_PHASE_STRIP = NO;
				ENABLE_STRICT_OBJC_MSGSEND = YES;
				GCC_C_LANGUAGE_STANDARD = gnu99;
				GCC_DYNAMIC_NO_PIC = NO;
				GCC_OPTIMIZATION_LEVEL = 0;
				GCC_PREPROCESSOR_DEFINITIONS = (
					"DEBUG=1",
					"$(inherited)",
				);
				GCC_SYMBOLS_PRIVATE_EXTERN = NO;
				GCC_WARN_64_TO_32_BIT_CONVERSION = YES;
				GCC_WARN_ABOUT_RETURN_TYPE = YES_ERROR;
				GCC_WARN_UNDECLARED_SELECTOR = YES;
				GCC_WARN_UNINITIALIZED_AUTOS = YES_AGGRESSIVE;
				GCC_WARN_UNUSED_FUNCTION = YES;
				GCC_WARN_UNUSED_VARIABLE = YES;
				IPHONEOS_DEPLOYMENT_TARGET = 8.0;
				MTL_ENABLE_DEBUG_INFO = YES;
				ONLY_ACTIVE_ARCH = YES;
				SDKROOT = iphoneos;
			};
			name = Debug;
		};
		E4909C5319F1547400CC5987 /* Release */ = {
			isa = XCBuildConfiguration;
			buildSettings = {
				ALWAYS_SEARCH_USER_PATHS = NO;
				CLANG_CXX_LANGUAGE_STANDARD = "gnu++0x";
				CLANG_CXX_LIBRARY = "libc++";
				CLANG_ENABLE_MODULES = YES;
				CLANG_ENABLE_OBJC_ARC = YES;
				CLANG_WARN_BOOL_CONVERSION = YES;
				CLANG_WARN_CONSTANT_CONVERSION = YES;
				CLANG_WARN_DIRECT_OBJC_ISA_USAGE = YES_ERROR;
				CLANG_WARN_EMPTY_BODY = YES;
				CLANG_WARN_ENUM_CONVERSION = YES;
				CLANG_WARN_INT_CONVERSION = YES;
				CLANG_WARN_OBJC_ROOT_CLASS = YES_ERROR;
				CLANG_WARN_UNREACHABLE_CODE = YES;
				CLANG_WARN__DUPLICATE_METHOD_MATCH = YES;
				"CODE_SIGN_IDENTITY[sdk=iphoneos*]" = "iPhone Developer";
				COPY_PHASE_STRIP = YES;
				ENABLE_NS_ASSERTIONS = NO;
				ENABLE_STRICT_OBJC_MSGSEND = YES;
				GCC_C_LANGUAGE_STANDARD = gnu99;
				GCC_WARN_64_TO_32_BIT_CONVERSION = YES;
				GCC_WARN_ABOUT_RETURN_TYPE = YES_ERROR;
				GCC_WARN_UNDECLARED_SELECTOR = YES;
				GCC_WARN_UNINITIALIZED_AUTOS = YES_AGGRESSIVE;
				GCC_WARN_UNUSED_FUNCTION = YES;
				GCC_WARN_UNUSED_VARIABLE = YES;
				IPHONEOS_DEPLOYMENT_TARGET = 8.0;
				MTL_ENABLE_DEBUG_INFO = NO;
				SDKROOT = iphoneos;
				VALIDATE_PRODUCT = YES;
			};
			name = Release;
		};
		E4909C5519F1547400CC5987 /* Debug */ = {
			isa = XCBuildConfiguration;
			buildSettings = {
				ASSETCATALOG_COMPILER_APPICON_NAME = AppIcon;
				INFOPLIST_FILE = "$(SRCROOT)/GuideToTheGalaxy/Supporting Files/Info.plist";
				LD_RUNPATH_SEARCH_PATHS = "$(inherited) @executable_path/Frameworks";
				PRODUCT_NAME = "$(TARGET_NAME)";
			};
			name = Debug;
		};
		E4909C5619F1547400CC5987 /* Release */ = {
			isa = XCBuildConfiguration;
			buildSettings = {
				ASSETCATALOG_COMPILER_APPICON_NAME = AppIcon;
				INFOPLIST_FILE = "$(SRCROOT)/GuideToTheGalaxy/Supporting Files/Info.plist";
				LD_RUNPATH_SEARCH_PATHS = "$(inherited) @executable_path/Frameworks";
				PRODUCT_NAME = "$(TARGET_NAME)";
			};
			name = Release;
		};
		E4909C5819F1547400CC5987 /* Debug */ = {
			isa = XCBuildConfiguration;
			buildSettings = {
				BUNDLE_LOADER = "$(TEST_HOST)";
				FRAMEWORK_SEARCH_PATHS = (
					"$(SDKROOT)/Developer/Library/Frameworks",
					"$(inherited)",
				);
				GCC_PREPROCESSOR_DEFINITIONS = (
					"DEBUG=1",
					"$(inherited)",
				);
				INFOPLIST_FILE = GuideToTheGalaxyTests/Info.plist;
				LD_RUNPATH_SEARCH_PATHS = "$(inherited) @executable_path/Frameworks @loader_path/Frameworks";
				PRODUCT_NAME = "$(TARGET_NAME)";
				TEST_HOST = "$(BUILT_PRODUCTS_DIR)/GuideToTheGalaxy.app/GuideToTheGalaxy";
			};
			name = Debug;
		};
		E4909C5919F1547400CC5987 /* Release */ = {
			isa = XCBuildConfiguration;
			buildSettings = {
				BUNDLE_LOADER = "$(TEST_HOST)";
				FRAMEWORK_SEARCH_PATHS = (
					"$(SDKROOT)/Developer/Library/Frameworks",
					"$(inherited)",
				);
				INFOPLIST_FILE = GuideToTheGalaxyTests/Info.plist;
				LD_RUNPATH_SEARCH_PATHS = "$(inherited) @executable_path/Frameworks @loader_path/Frameworks";
				PRODUCT_NAME = "$(TARGET_NAME)";
				TEST_HOST = "$(BUILT_PRODUCTS_DIR)/GuideToTheGalaxy.app/GuideToTheGalaxy";
			};
			name = Release;
		};
/* End XCBuildConfiguration section */

/* Begin XCConfigurationList section */
		E4909C2C19F1547400CC5987 /* Build configuration list for PBXProject "GuideToTheGalaxy" */ = {
			isa = XCConfigurationList;
			buildConfigurations = (
				E4909C5219F1547400CC5987 /* Debug */,
				E4909C5319F1547400CC5987 /* Release */,
			);
			defaultConfigurationIsVisible = 0;
			defaultConfigurationName = Release;
		};
		E4909C5419F1547400CC5987 /* Build configuration list for PBXNativeTarget "GuideToTheGalaxy" */ = {
			isa = XCConfigurationList;
			buildConfigurations = (
				E4909C5519F1547400CC5987 /* Debug */,
				E4909C5619F1547400CC5987 /* Release */,
			);
			defaultConfigurationIsVisible = 0;
			defaultConfigurationName = Release;
		};
		E4909C5719F1547400CC5987 /* Build configuration list for PBXNativeTarget "GuideToTheGalaxyTests" */ = {
			isa = XCConfigurationList;
			buildConfigurations = (
				E4909C5819F1547400CC5987 /* Debug */,
				E4909C5919F1547400CC5987 /* Release */,
			);
			defaultConfigurationIsVisible = 0;
			defaultConfigurationName = Release;
		};
/* End XCConfigurationList section */
	};
	rootObject = E4909C2919F1547400CC5987 /* Project object */;
}
